
Microsoft Visual Studio Solution File, Format Version 12.00
# Visual Studio Version 16
VisualStudioVersion = 16.0.30804.86
MinimumVisualStudioVersion = 10.0.40219.1
Project("{FAE04EC0-301F-11D3-BF4B-00C04F79EFBC}") = "SCPLockdown", "SCPLockdown.csproj", "{9EDFEA9A-C006-4814-BAD2-48D48AAFBCFB}"
EndProject
Global
	GlobalSection(SolutionConfigurationPlatforms) = preSolution
		Debug|Any CPU = Debug|Any CPU
		Release|Any CPU = Release|Any CPU
	EndGlobalSection
	GlobalSection(ProjectConfigurationPlatforms) = postSolution
		{9EDFEA9A-C006-4814-BAD2-48D48AAFBCFB}.Debug|Any CPU.ActiveCfg = Debug|Any CPU
		{9EDFEA9A-C006-4814-BAD2-48D48AAFBCFB}.Debug|Any CPU.Build.0 = Debug|Any CPU
		{9EDFEA9A-C006-4814-BAD2-48D48AAFBCFB}.Release|Any CPU.ActiveCfg = Release|Any CPU
		{9EDFEA9A-C006-4814-BAD2-48D48AAFBCFB}.Release|Any CPU.Build.0 = Release|Any CPU
	EndGlobalSection
	GlobalSection(SolutionProperties) = preSolution
		HideSolutionNode = FALSE
	EndGlobalSection
	GlobalSection(ExtensibilityGlobals) = postSolution
		SolutionGuid = {8DEC271D-4846-4681-AD93-A5F939D479F4}
	EndGlobalSection
EndGlobal
